
Microsoft Visual Studio Solution File, Format Version 12.00
# Visual Studio Version 17
VisualStudioVersion = 17.8.34330.188
MinimumVisualStudioVersion = 10.0.40219.1
Project("{FAE04EC0-301F-11D3-BF4B-00C04F79EFBC}") = "ConsoleApp.SnakeGame", "ConsoleApp.SnakeGame\ConsoleApp.SnakeGame.csproj", "{C464EF8D-3359-4D4F-B187-AB82C2FBAB00}"
EndProject
Global
	GlobalSection(SolutionConfigurationPlatforms) = preSolution
		Debug|Any CPU = Debug|Any CPU
		Release|Any CPU = Release|Any CPU
	EndGlobalSection
	GlobalSection(ProjectConfigurationPlatforms) = postSolution
		{C464EF8D-3359-4D4F-B187-AB82C2FBAB00}.Debug|Any CPU.ActiveCfg = Debug|Any CPU
		{C464EF8D-3359-4D4F-B187-AB82C2FBAB00}.Debug|Any CPU.Build.0 = Debug|Any CPU
		{C464EF8D-3359-4D4F-B187-AB82C2FBAB00}.Release|Any CPU.ActiveCfg = Release|Any CPU
		{C464EF8D-3359-4D4F-B187-AB82C2FBAB00}.Release|Any CPU.Build.0 = Release|Any CPU
	EndGlobalSection
	GlobalSection(SolutionProperties) = preSolution
		HideSolutionNode = FALSE
	EndGlobalSection
	GlobalSection(ExtensibilityGlobals) = postSolution
		SolutionGuid = {175D963C-ADBF-476F-BCE0-3D733D338FB7}
	EndGlobalSection
EndGlobal
